
Microsoft Visual Studio Solution File, Format Version 12.00
# Visual Studio Version 17
VisualStudioVersion = 17.0.31903.59
MinimumVisualStudioVersion = 10.0.40219.1
Project("{FAE04EC0-301F-11D3-BF4B-00C04F79EFBC}") = "OnlineSchoolDiary.Client", "OnlineSchoolDiary.Client\OnlineSchoolDiary.Client.csproj", "{A867167B-6564-4DFC-AF6A-E225ABE68857}"
EndProject
Project("{FAE04EC0-301F-11D3-BF4B-00C04F79EFBC}") = "OnlineSchoolDiary.Shared", "OnlineSchoolDiary.Shared\OnlineSchoolDiary.Shared.csproj", "{4EE15FA7-3E10-4248-92DD-5DBEA0991626}"
EndProject
Project("{FAE04EC0-301F-11D3-BF4B-00C04F79EFBC}") = "OnlineSchoolDiary.Server", "OnlineSchoolDiary.Server\OnlineSchoolDiary.Server.csproj", "{F19A5229-5EC6-4029-8807-FA7DE5A84163}"
EndProject
Global
	GlobalSection(SolutionConfigurationPlatforms) = preSolution
		Debug|Any CPU = Debug|Any CPU
		Debug|x64 = Debug|x64
		Debug|x86 = Debug|x86
		Release|Any CPU = Release|Any CPU
		Release|x64 = Release|x64
		Release|x86 = Release|x86
	EndGlobalSection
	GlobalSection(ProjectConfigurationPlatforms) = postSolution
		{A867167B-6564-4DFC-AF6A-E225ABE68857}.Debug|Any CPU.ActiveCfg = Debug|Any CPU
		{A867167B-6564-4DFC-AF6A-E225ABE68857}.Debug|Any CPU.Build.0 = Debug|Any CPU
		{A867167B-6564-4DFC-AF6A-E225ABE68857}.Debug|x64.ActiveCfg = Debug|Any CPU
		{A867167B-6564-4DFC-AF6A-E225ABE68857}.Debug|x64.Build.0 = Debug|Any CPU
		{A867167B-6564-4DFC-AF6A-E225ABE68857}.Debug|x86.ActiveCfg = Debug|Any CPU
		{A867167B-6564-4DFC-AF6A-E225ABE68857}.Debug|x86.Build.0 = Debug|Any CPU
		{A867167B-6564-4DFC-AF6A-E225ABE68857}.Release|Any CPU.ActiveCfg = Release|Any CPU
		{A867167B-6564-4DFC-AF6A-E225ABE68857}.Release|Any CPU.Build.0 = Release|Any CPU
		{A867167B-6564-4DFC-AF6A-E225ABE68857}.Release|x64.ActiveCfg = Release|Any CPU
		{A867167B-6564-4DFC-AF6A-E225ABE68857}.Release|x64.Build.0 = Release|Any CPU
		{A867167B-6564-4DFC-AF6A-E225ABE68857}.Release|x86.ActiveCfg = Release|Any CPU
		{A867167B-6564-4DFC-AF6A-E225ABE68857}.Release|x86.Build.0 = Release|Any CPU
		{4EE15FA7-3E10-4248-92DD-5DBEA0991626}.Debug|Any CPU.ActiveCfg = Debug|Any CPU
		{4EE15FA7-3E10-4248-92DD-5DBEA0991626}.Debug|Any CPU.Build.0 = Debug|Any CPU
		{4EE15FA7-3E10-4248-92DD-5DBEA0991626}.Debug|x64.ActiveCfg = Debug|Any CPU
		{4EE15FA7-3E10-4248-92DD-5DBEA0991626}.Debug|x64.Build.0 = Debug|Any CPU
		{4EE15FA7-3E10-4248-92DD-5DBEA0991626}.Debug|x86.ActiveCfg = Debug|Any CPU
		{4EE15FA7-3E10-4248-92DD-5DBEA0991626}.Debug|x86.Build.0 = Debug|Any CPU
		{4EE15FA7-3E10-4248-92DD-5DBEA0991626}.Release|Any CPU.ActiveCfg = Release|Any CPU
		{4EE15FA7-3E10-4248-92DD-5DBEA0991626}.Release|Any CPU.Build.0 = Release|Any CPU
		{4EE15FA7-3E10-4248-92DD-5DBEA0991626}.Release|x64.ActiveCfg = Release|Any CPU
		{4EE15FA7-3E10-4248-92DD-5DBEA0991626}.Release|x64.Build.0 = Release|Any CPU
		{4EE15FA7-3E10-4248-92DD-5DBEA0991626}.Release|x86.ActiveCfg = Release|Any CPU
		{4EE15FA7-3E10-4248-92DD-5DBEA0991626}.Release|x86.Build.0 = Release|Any CPU
		{F19A5229-5EC6-4029-8807-FA7DE5A84163}.Debug|Any CPU.ActiveCfg = Debug|Any CPU
		{F19A5229-5EC6-4029-8807-FA7DE5A84163}.Debug|Any CPU.Build.0 = Debug|Any CPU
		{F19A5229-5EC6-4029-8807-FA7DE5A84163}.Debug|x64.ActiveCfg = Debug|Any CPU
		{F19A5229-5EC6-4029-8807-FA7DE5A84163}.Debug|x64.Build.0 = Debug|Any CPU
		{F19A5229-5EC6-4029-8807-FA7DE5A84163}.Debug|x86.ActiveCfg = Debug|Any CPU
		{F19A5229-5EC6-4029-8807-FA7DE5A84163}.Debug|x86.Build.0 = Debug|Any CPU
		{F19A5229-5EC6-4029-8807-FA7DE5A84163}.Release|Any CPU.ActiveCfg = Release|Any CPU
		{F19A5229-5EC6-4029-8807-FA7DE5A84163}.Release|Any CPU.Build.0 = Release|Any CPU
		{F19A5229-5EC6-4029-8807-FA7DE5A84163}.Release|x64.ActiveCfg = Release|Any CPU
		{F19A5229-5EC6-4029-8807-FA7DE5A84163}.Release|x64.Build.0 = Release|Any CPU
		{F19A5229-5EC6-4029-8807-FA7DE5A84163}.Release|x86.ActiveCfg = Release|Any CPU
		{F19A5229-5EC6-4029-8807-FA7DE5A84163}.Release|x86.Build.0 = Release|Any CPU
	EndGlobalSection
	GlobalSection(SolutionProperties) = preSolution
		HideSolutionNode = FALSE
	EndGlobalSection
EndGlobal
